
Microsoft Visual Studio Solution File, Format Version 12.00
Project("{FAE04EC0-301F-11D3-BF4B-00C04F79EFBC}") = "FarmDash", "FarmDash\FarmDash.csproj", "{0EBA59A2-D3DA-4FDF-B50B-B0DBE94E79DF}"
EndProject
Global
	GlobalSection(SolutionConfigurationPlatforms) = preSolution
		Debug|Any CPU = Debug|Any CPU
		Release|Any CPU = Release|Any CPU
	EndGlobalSection
	GlobalSection(ProjectConfigurationPlatforms) = postSolution
		{0EBA59A2-D3DA-4FDF-B50B-B0DBE94E79DF}.Debug|Any CPU.ActiveCfg = Debug|Any CPU
		{0EBA59A2-D3DA-4FDF-B50B-B0DBE94E79DF}.Debug|Any CPU.Build.0 = Debug|Any CPU
		{0EBA59A2-D3DA-4FDF-B50B-B0DBE94E79DF}.Release|Any CPU.ActiveCfg = Release|Any CPU
		{0EBA59A2-D3DA-4FDF-B50B-B0DBE94E79DF}.Release|Any CPU.Build.0 = Release|Any CPU
	EndGlobalSection
EndGlobal
